// !$*UTF8*$!
{
	archiveVersion = 1;
	classes = {
	};
	objectVersion = 46;
	objects = {

/* Begin PBXBuildFile section */
		560ABB8A1C56254700E6D549 /* Suit.swift in Sources */ = {isa = PBXBuildFile; fileRef = 560ABB891C56254700E6D549 /* Suit.swift */; };
		560ABB8C1C562E6C00E6D549 /* Card.swift in Sources */ = {isa = PBXBuildFile; fileRef = 560ABB8B1C562E6C00E6D549 /* Card.swift */; };
		560ABB8E1C56458C00E6D549 /* Component.swift in Sources */ = {isa = PBXBuildFile; fileRef = 560ABB8D1C56458C00E6D549 /* Component.swift */; };
		560ABB901C56467200E6D549 /* GameFlow.swift in Sources */ = {isa = PBXBuildFile; fileRef = 560ABB8F1C56467200E6D549 /* GameFlow.swift */; };
		561069FF1C5A5EA800CCCEC6 /* Move.swift in Sources */ = {isa = PBXBuildFile; fileRef = 561069FE1C5A5EA800CCCEC6 /* Move.swift */; };
		56106A011C5A6EF200CCCEC6 /* BoardLocation.swift in Sources */ = {isa = PBXBuildFile; fileRef = 56106A001C5A6EF200CCCEC6 /* BoardLocation.swift */; };
		56106A031C5A6F1D00CCCEC6 /* Rank.swift in Sources */ = {isa = PBXBuildFile; fileRef = 56106A021C5A6F1D00CCCEC6 /* Rank.swift */; };
		5672F71D1C5FB89C0015AFAD /* Hand.swift in Sources */ = {isa = PBXBuildFile; fileRef = 5672F71C1C5FB89C0015AFAD /* Hand.swift */; };
		569959001C5B82DD00B5F2C7 /* PreviewMotion.swift in Sources */ = {isa = PBXBuildFile; fileRef = 569958FF1C5B82DD00B5F2C7 /* PreviewMotion.swift */; };
		56C95A681C60D39E00997F12 /* Side.swift in Sources */ = {isa = PBXBuildFile; fileRef = 561069FC1C5A4E3F00CCCEC6 /* Side.swift */; };
		56D8769C1C57AC13003C1880 /* Identifier.swift in Sources */ = {isa = PBXBuildFile; fileRef = 56D8769B1C57AC13003C1880 /* Identifier.swift */; };
		56DE742C1C56535000C47093 /* FallMotion.swift in Sources */ = {isa = PBXBuildFile; fileRef = 56DE742B1C56535000C47093 /* FallMotion.swift */; };
		643C245C1C52D466003ACE44 /* AppDelegate.swift in Sources */ = {isa = PBXBuildFile; fileRef = 643C245B1C52D466003ACE44 /* AppDelegate.swift */; };
		643C245E1C52D466003ACE44 /* ViewController.swift in Sources */ = {isa = PBXBuildFile; fileRef = 643C245D1C52D466003ACE44 /* ViewController.swift */; };
		643C24601C52D466003ACE44 /* Assets.xcassets in Resources */ = {isa = PBXBuildFile; fileRef = 643C245F1C52D466003ACE44 /* Assets.xcassets */; };
		643C24631C52D466003ACE44 /* Main.storyboard in Resources */ = {isa = PBXBuildFile; fileRef = 643C24611C52D466003ACE44 /* Main.storyboard */; };
		643C246E1C52D466003ACE44 /* puzzlesuitTests.swift in Sources */ = {isa = PBXBuildFile; fileRef = 643C246D1C52D466003ACE44 /* puzzlesuitTests.swift */; };
		643C24841C52D615003ACE44 /* Draws.swift in Sources */ = {isa = PBXBuildFile; fileRef = 643C24801C52D615003ACE44 /* Draws.swift */; };
		643C24851C52D615003ACE44 /* GameView.m in Sources */ = {isa = PBXBuildFile; fileRef = 643C24821C52D615003ACE44 /* GameView.m */; };
		643C24861C52D615003ACE44 /* KeyboardListener.swift in Sources */ = {isa = PBXBuildFile; fileRef = 643C24831C52D615003ACE44 /* KeyboardListener.swift */; };
		643C24A61C52D6D0003ACE44 /* Animation.swift in Sources */ = {isa = PBXBuildFile; fileRef = 643C24871C52D6D0003ACE44 /* Animation.swift */; };
		643C24A71C52D6D0003ACE44 /* Audio.m in Sources */ = {isa = PBXBuildFile; fileRef = 643C24891C52D6D0003ACE44 /* Audio.m */; };
		643C24A81C52D6D0003ACE44 /* Camera.swift in Sources */ = {isa = PBXBuildFile; fileRef = 643C248A1C52D6D0003ACE44 /* Camera.swift */; };
		643C24A91C52D6D0003ACE44 /* Color.swift in Sources */ = {isa = PBXBuildFile; fileRef = 643C248B1C52D6D0003ACE44 /* Color.swift */; };
		643C24AA1C52D6D0003ACE44 /* Counter.swift in Sources */ = {isa = PBXBuildFile; fileRef = 643C248C1C52D6D0003ACE44 /* Counter.swift */; };
		643C24AB1C52D6D0003ACE44 /* Direction.swift in Sources */ = {isa = PBXBuildFile; fileRef = 643C248D1C52D6D0003ACE44 /* Direction.swift */; };
		643C24AC1C52D6D0003ACE44 /* Director.swift in Sources */ = {isa = PBXBuildFile; fileRef = 643C248E1C52D6D0003ACE44 /* Director.swift */; };
		643C24AD1C52D6D0003ACE44 /* EmptyScene.swift in Sources */ = {isa = PBXBuildFile; fileRef = 643C248F1C52D6D0003ACE44 /* EmptyScene.swift */; };
		643C24AE1C52D6D0003ACE44 /* EventBus.swift in Sources */ = {isa = PBXBuildFile; fileRef = 643C24901C52D6D0003ACE44 /* EventBus.swift */; };
		643C24AF1C52D6D0003ACE44 /* FadeScene.swift in Sources */ = {isa = PBXBuildFile; fileRef = 643C24911C52D6D0003ACE44 /* FadeScene.swift */; };
		643C24B01C52D6D0003ACE44 /* Hitbox.swift in Sources */ = {isa = PBXBuildFile; fileRef = 643C24921C52D6D0003ACE44 /* Hitbox.swift */; };
		643C24B11C52D6D0003ACE44 /* Input.swift in Sources */ = {isa = PBXBuildFile; fileRef = 643C24931C52D6D0003ACE44 /* Input.swift */; };
		643C24B21C52D6D0003ACE44 /* KeyboardController.swift in Sources */ = {isa = PBXBuildFile; fileRef = 643C24941C52D6D0003ACE44 /* KeyboardController.swift */; };
		643C24B41C52D6D0003ACE44 /* Map.swift in Sources */ = {isa = PBXBuildFile; fileRef = 643C24961C52D6D0003ACE44 /* Map.swift */; };
		643C24B51C52D6D0003ACE44 /* Math.swift in Sources */ = {isa = PBXBuildFile; fileRef = 643C24971C52D6D0003ACE44 /* Math.swift */; };
		643C24B61C52D6D0003ACE44 /* Menu.swift in Sources */ = {isa = PBXBuildFile; fileRef = 643C24981C52D6D0003ACE44 /* Menu.swift */; };
		643C24B71C52D6D0003ACE44 /* Motion.swift in Sources */ = {isa = PBXBuildFile; fileRef = 643C24991C52D6D0003ACE44 /* Motion.swift */; };
		643C24B81C52D6D0003ACE44 /* NoController.swift in Sources */ = {isa = PBXBuildFile; fileRef = 643C249A1C52D6D0003ACE44 /* NoController.swift */; };
		643C24B91C52D6D0003ACE44 /* Palette.swift in Sources */ = {isa = PBXBuildFile; fileRef = 643C249B1C52D6D0003ACE44 /* Palette.swift */; };
		643C24BA1C52D6D0003ACE44 /* Point.swift in Sources */ = {isa = PBXBuildFile; fileRef = 643C249C1C52D6D0003ACE44 /* Point.swift */; };
		643C24BB1C52D6D0003ACE44 /* Random.swift in Sources */ = {isa = PBXBuildFile; fileRef = 643C249D1C52D6D0003ACE44 /* Random.swift */; };
		643C24BC1C52D6D0003ACE44 /* Scene.swift in Sources */ = {isa = PBXBuildFile; fileRef = 643C249E1C52D6D0003ACE44 /* Scene.swift */; };
		643C24BD1C52D6D0003ACE44 /* Sprite.swift in Sources */ = {isa = PBXBuildFile; fileRef = 643C249F1C52D6D0003ACE44 /* Sprite.swift */; };
		643C24BE1C52D6D0003ACE44 /* SpriteFactory.swift in Sources */ = {isa = PBXBuildFile; fileRef = 643C24A01C52D6D0003ACE44 /* SpriteFactory.swift */; };
		643C24BF1C52D6D0003ACE44 /* Streams.swift in Sources */ = {isa = PBXBuildFile; fileRef = 643C24A11C52D6D0003ACE44 /* Streams.swift */; };
		643C24C01C52D6D0003ACE44 /* SurfaceArray.m in Sources */ = {isa = PBXBuildFile; fileRef = 643C24A31C52D6D0003ACE44 /* SurfaceArray.m */; };
		643C24C11C52D6D0003ACE44 /* Surfaces.swift in Sources */ = {isa = PBXBuildFile; fileRef = 643C24A41C52D6D0003ACE44 /* Surfaces.swift */; };
		643C24C21C52D6D0003ACE44 /* View.swift in Sources */ = {isa = PBXBuildFile; fileRef = 643C24A51C52D6D0003ACE44 /* View.swift */; };
		643C24C41C52D6F4003ACE44 /* Definition.swift in Sources */ = {isa = PBXBuildFile; fileRef = 643C24C31C52D6F4003ACE44 /* Definition.swift */; };
		643C24C61C52D709003ACE44 /* Resources.swift in Sources */ = {isa = PBXBuildFile; fileRef = 643C24C51C52D709003ACE44 /* Resources.swift */; };
		643C24CA1C52D759003ACE44 /* Grid.swift in Sources */ = {isa = PBXBuildFile; fileRef = 643C24C91C52D759003ACE44 /* Grid.swift */; };
		643C24D31C52D990003ACE44 /* ReferencePool.swift in Sources */ = {isa = PBXBuildFile; fileRef = 643C24D21C52D990003ACE44 /* ReferencePool.swift */; };
		644286091C597D9500668A9F /* Deck.swift in Sources */ = {isa = PBXBuildFile; fileRef = 644286081C597D9500668A9F /* Deck.swift */; };
		645E5EC61C54267700E29345 /* atlas.png in Resources */ = {isa = PBXBuildFile; fileRef = 645E5EC41C54267700E29345 /* atlas.png */; };
		645E5EC71C54267700E29345 /* atlas.sprites in Resources */ = {isa = PBXBuildFile; fileRef = 645E5EC51C54267700E29345 /* atlas.sprites */; };
		645E5EC91C54272900E29345 /* GameScene.swift in Sources */ = {isa = PBXBuildFile; fileRef = 645E5EC81C54272900E29345 /* GameScene.swift */; };
		647674A51C55FED8009F6F46 /* Generator.swift in Sources */ = {isa = PBXBuildFile; fileRef = 647674A41C55FED8009F6F46 /* Generator.swift */; };
		64C969B51C5AB091008C0300 /* Cpu.swift in Sources */ = {isa = PBXBuildFile; fileRef = 64C969B41C5AB091008C0300 /* Cpu.swift */; };
		64F517A91C556E3D006FB2AE /* PlayerMotion.swift in Sources */ = {isa = PBXBuildFile; fileRef = 64F517A81C556E3D006FB2AE /* PlayerMotion.swift */; };
		64F517AB1C556F8F006FB2AE /* Board.swift in Sources */ = {isa = PBXBuildFile; fileRef = 64F517AA1C556F8F006FB2AE /* Board.swift */; };
/* End PBXBuildFile section */

/* Begin PBXContainerItemProxy section */
		643C246A1C52D466003ACE44 /* PBXContainerItemProxy */ = {
			isa = PBXContainerItemProxy;
			containerPortal = 643C24501C52D466003ACE44 /* Project object */;
			proxyType = 1;
			remoteGlobalIDString = 643C24571C52D466003ACE44;
			remoteInfo = puzzlesuit;
		};
/* End PBXContainerItemProxy section */

/* Begin PBXFileReference section */
		560ABB891C56254700E6D549 /* Suit.swift */ = {isa = PBXFileReference; fileEncoding = 4; lastKnownFileType = sourcecode.swift; path = Suit.swift; sourceTree = "<group>"; };
		560ABB8B1C562E6C00E6D549 /* Card.swift */ = {isa = PBXFileReference; fileEncoding = 4; lastKnownFileType = sourcecode.swift; path = Card.swift; sourceTree = "<group>"; };
		560ABB8D1C56458C00E6D549 /* Component.swift */ = {isa = PBXFileReference; fileEncoding = 4; lastKnownFileType = sourcecode.swift; path = Component.swift; sourceTree = "<group>"; };
		560ABB8F1C56467200E6D549 /* GameFlow.swift */ = {isa = PBXFileReference; fileEncoding = 4; lastKnownFileType = sourcecode.swift; path = GameFlow.swift; sourceTree = "<group>"; };
		561069FC1C5A4E3F00CCCEC6 /* Side.swift */ = {isa = PBXFileReference; fileEncoding = 4; lastKnownFileType = sourcecode.swift; path = Side.swift; sourceTree = "<group>"; };
		561069FE1C5A5EA800CCCEC6 /* Move.swift */ = {isa = PBXFileReference; fileEncoding = 4; lastKnownFileType = sourcecode.swift; path = Move.swift; sourceTree = "<group>"; };
		56106A001C5A6EF200CCCEC6 /* BoardLocation.swift */ = {isa = PBXFileReference; fileEncoding = 4; lastKnownFileType = sourcecode.swift; path = BoardLocation.swift; sourceTree = "<group>"; };
		56106A021C5A6F1D00CCCEC6 /* Rank.swift */ = {isa = PBXFileReference; fileEncoding = 4; lastKnownFileType = sourcecode.swift; path = Rank.swift; sourceTree = "<group>"; };
		5672F71C1C5FB89C0015AFAD /* Hand.swift */ = {isa = PBXFileReference; fileEncoding = 4; lastKnownFileType = sourcecode.swift; path = Hand.swift; sourceTree = "<group>"; };
		569958FF1C5B82DD00B5F2C7 /* PreviewMotion.swift */ = {isa = PBXFileReference; fileEncoding = 4; lastKnownFileType = sourcecode.swift; path = PreviewMotion.swift; sourceTree = "<group>"; };
		56D8769B1C57AC13003C1880 /* Identifier.swift */ = {isa = PBXFileReference; fileEncoding = 4; lastKnownFileType = sourcecode.swift; path = Identifier.swift; sourceTree = "<group>"; };
		56DE742B1C56535000C47093 /* FallMotion.swift */ = {isa = PBXFileReference; fileEncoding = 4; lastKnownFileType = sourcecode.swift; path = FallMotion.swift; sourceTree = "<group>"; };
		643C24581C52D466003ACE44 /* PuzzleSuit.app */ = {isa = PBXFileReference; explicitFileType = wrapper.application; includeInIndex = 0; path = PuzzleSuit.app; sourceTree = BUILT_PRODUCTS_DIR; };
		643C245B1C52D466003ACE44 /* AppDelegate.swift */ = {isa = PBXFileReference; lastKnownFileType = sourcecode.swift; path = AppDelegate.swift; sourceTree = "<group>"; };
		643C245D1C52D466003ACE44 /* ViewController.swift */ = {isa = PBXFileReference; lastKnownFileType = sourcecode.swift; path = ViewController.swift; sourceTree = "<group>"; };
		643C245F1C52D466003ACE44 /* Assets.xcassets */ = {isa = PBXFileReference; lastKnownFileType = folder.assetcatalog; path = Assets.xcassets; sourceTree = "<group>"; };
		643C24621C52D466003ACE44 /* Base */ = {isa = PBXFileReference; lastKnownFileType = file.storyboard; name = Base; path = Base.lproj/Main.storyboard; sourceTree = "<group>"; };
		643C24641C52D466003ACE44 /* Info.plist */ = {isa = PBXFileReference; lastKnownFileType = text.plist.xml; path = Info.plist; sourceTree = "<group>"; };
		643C24691C52D466003ACE44 /* PuzzleSuitTests.xctest */ = {isa = PBXFileReference; explicitFileType = wrapper.cfbundle; includeInIndex = 0; path = PuzzleSuitTests.xctest; sourceTree = BUILT_PRODUCTS_DIR; };
		643C246D1C52D466003ACE44 /* puzzlesuitTests.swift */ = {isa = PBXFileReference; lastKnownFileType = sourcecode.swift; path = puzzlesuitTests.swift; sourceTree = "<group>"; };
		643C246F1C52D466003ACE44 /* Info.plist */ = {isa = PBXFileReference; lastKnownFileType = text.plist.xml; path = Info.plist; sourceTree = "<group>"; };
		643C24781C52D5AD003ACE44 /* PuzzleSuit-Bridging-Header.h */ = {isa = PBXFileReference; lastKnownFileType = sourcecode.c.h; path = "PuzzleSuit-Bridging-Header.h"; sourceTree = "<group>"; };
		643C24801C52D615003ACE44 /* Draws.swift */ = {isa = PBXFileReference; fileEncoding = 4; lastKnownFileType = sourcecode.swift; path = Draws.swift; sourceTree = "<group>"; };
		643C24811C52D615003ACE44 /* GameView.h */ = {isa = PBXFileReference; fileEncoding = 4; lastKnownFileType = sourcecode.c.h; path = GameView.h; sourceTree = "<group>"; };
		643C24821C52D615003ACE44 /* GameView.m */ = {isa = PBXFileReference; fileEncoding = 4; lastKnownFileType = sourcecode.c.objc; path = GameView.m; sourceTree = "<group>"; };
		643C24831C52D615003ACE44 /* KeyboardListener.swift */ = {isa = PBXFileReference; fileEncoding = 4; lastKnownFileType = sourcecode.swift; path = KeyboardListener.swift; sourceTree = "<group>"; };
		643C24871C52D6D0003ACE44 /* Animation.swift */ = {isa = PBXFileReference; fileEncoding = 4; lastKnownFileType = sourcecode.swift; path = Animation.swift; sourceTree = "<group>"; };
		643C24881C52D6D0003ACE44 /* Audio.h */ = {isa = PBXFileReference; fileEncoding = 4; lastKnownFileType = sourcecode.c.h; path = Audio.h; sourceTree = "<group>"; };
		643C24891C52D6D0003ACE44 /* Audio.m */ = {isa = PBXFileReference; fileEncoding = 4; lastKnownFileType = sourcecode.c.objc; path = Audio.m; sourceTree = "<group>"; };
		643C248A1C52D6D0003ACE44 /* Camera.swift */ = {isa = PBXFileReference; fileEncoding = 4; lastKnownFileType = sourcecode.swift; path = Camera.swift; sourceTree = "<group>"; };
		643C248B1C52D6D0003ACE44 /* Color.swift */ = {isa = PBXFileReference; fileEncoding = 4; lastKnownFileType = sourcecode.swift; path = Color.swift; sourceTree = "<group>"; };
		643C248C1C52D6D0003ACE44 /* Counter.swift */ = {isa = PBXFileReference; fileEncoding = 4; lastKnownFileType = sourcecode.swift; path = Counter.swift; sourceTree = "<group>"; };
		643C248D1C52D6D0003ACE44 /* Direction.swift */ = {isa = PBXFileReference; fileEncoding = 4; lastKnownFileType = sourcecode.swift; path = Direction.swift; sourceTree = "<group>"; };
		643C248E1C52D6D0003ACE44 /* Director.swift */ = {isa = PBXFileReference; fileEncoding = 4; lastKnownFileType = sourcecode.swift; path = Director.swift; sourceTree = "<group>"; };
		643C248F1C52D6D0003ACE44 /* EmptyScene.swift */ = {isa = PBXFileReference; fileEncoding = 4; lastKnownFileType = sourcecode.swift; path = EmptyScene.swift; sourceTree = "<group>"; };
		643C24901C52D6D0003ACE44 /* EventBus.swift */ = {isa = PBXFileReference; fileEncoding = 4; lastKnownFileType = sourcecode.swift; path = EventBus.swift; sourceTree = "<group>"; };
		643C24911C52D6D0003ACE44 /* FadeScene.swift */ = {isa = PBXFileReference; fileEncoding = 4; lastKnownFileType = sourcecode.swift; path = FadeScene.swift; sourceTree = "<group>"; };
		643C24921C52D6D0003ACE44 /* Hitbox.swift */ = {isa = PBXFileReference; fileEncoding = 4; lastKnownFileType = sourcecode.swift; path = Hitbox.swift; sourceTree = "<group>"; };
		643C24931C52D6D0003ACE44 /* Input.swift */ = {isa = PBXFileReference; fileEncoding = 4; lastKnownFileType = sourcecode.swift; path = Input.swift; sourceTree = "<group>"; };
		643C24941C52D6D0003ACE44 /* KeyboardController.swift */ = {isa = PBXFileReference; fileEncoding = 4; lastKnownFileType = sourcecode.swift; path = KeyboardController.swift; sourceTree = "<group>"; };
		643C24961C52D6D0003ACE44 /* Map.swift */ = {isa = PBXFileReference; fileEncoding = 4; lastKnownFileType = sourcecode.swift; path = Map.swift; sourceTree = "<group>"; };
		643C24971C52D6D0003ACE44 /* Math.swift */ = {isa = PBXFileReference; fileEncoding = 4; lastKnownFileType = sourcecode.swift; path = Math.swift; sourceTree = "<group>"; };
		643C24981C52D6D0003ACE44 /* Menu.swift */ = {isa = PBXFileReference; fileEncoding = 4; lastKnownFileType = sourcecode.swift; path = Menu.swift; sourceTree = "<group>"; };
		643C24991C52D6D0003ACE44 /* Motion.swift */ = {isa = PBXFileReference; fileEncoding = 4; lastKnownFileType = sourcecode.swift; path = Motion.swift; sourceTree = "<group>"; };
		643C249A1C52D6D0003ACE44 /* NoController.swift */ = {isa = PBXFileReference; fileEncoding = 4; lastKnownFileType = sourcecode.swift; path = NoController.swift; sourceTree = "<group>"; };
		643C249B1C52D6D0003ACE44 /* Palette.swift */ = {isa = PBXFileReference; fileEncoding = 4; lastKnownFileType = sourcecode.swift; path = Palette.swift; sourceTree = "<group>"; };
		643C249C1C52D6D0003ACE44 /* Point.swift */ = {isa = PBXFileReference; fileEncoding = 4; lastKnownFileType = sourcecode.swift; path = Point.swift; sourceTree = "<group>"; };
		643C249D1C52D6D0003ACE44 /* Random.swift */ = {isa = PBXFileReference; fileEncoding = 4; lastKnownFileType = sourcecode.swift; path = Random.swift; sourceTree = "<group>"; };
		643C249E1C52D6D0003ACE44 /* Scene.swift */ = {isa = PBXFileReference; fileEncoding = 4; lastKnownFileType = sourcecode.swift; path = Scene.swift; sourceTree = "<group>"; };
		643C249F1C52D6D0003ACE44 /* Sprite.swift */ = {isa = PBXFileReference; fileEncoding = 4; lastKnownFileType = sourcecode.swift; path = Sprite.swift; sourceTree = "<group>"; };
		643C24A01C52D6D0003ACE44 /* SpriteFactory.swift */ = {isa = PBXFileReference; fileEncoding = 4; lastKnownFileType = sourcecode.swift; path = SpriteFactory.swift; sourceTree = "<group>"; };
		643C24A11C52D6D0003ACE44 /* Streams.swift */ = {isa = PBXFileReference; fileEncoding = 4; lastKnownFileType = sourcecode.swift; path = Streams.swift; sourceTree = "<group>"; };
		643C24A21C52D6D0003ACE44 /* SurfaceArray.h */ = {isa = PBXFileReference; fileEncoding = 4; lastKnownFileType = sourcecode.c.h; path = SurfaceArray.h; sourceTree = "<group>"; };
		643C24A31C52D6D0003ACE44 /* SurfaceArray.m */ = {isa = PBXFileReference; fileEncoding = 4; lastKnownFileType = sourcecode.c.objc; path = SurfaceArray.m; sourceTree = "<group>"; };
		643C24A41C52D6D0003ACE44 /* Surfaces.swift */ = {isa = PBXFileReference; fileEncoding = 4; lastKnownFileType = sourcecode.swift; path = Surfaces.swift; sourceTree = "<group>"; };
		643C24A51C52D6D0003ACE44 /* View.swift */ = {isa = PBXFileReference; fileEncoding = 4; lastKnownFileType = sourcecode.swift; path = View.swift; sourceTree = "<group>"; };
		643C24C31C52D6F4003ACE44 /* Definition.swift */ = {isa = PBXFileReference; fileEncoding = 4; lastKnownFileType = sourcecode.swift; path = Definition.swift; sourceTree = "<group>"; };
		643C24C51C52D709003ACE44 /* Resources.swift */ = {isa = PBXFileReference; fileEncoding = 4; lastKnownFileType = sourcecode.swift; path = Resources.swift; sourceTree = "<group>"; };
		643C24C91C52D759003ACE44 /* Grid.swift */ = {isa = PBXFileReference; fileEncoding = 4; lastKnownFileType = sourcecode.swift; path = Grid.swift; sourceTree = "<group>"; };
		643C24D21C52D990003ACE44 /* ReferencePool.swift */ = {isa = PBXFileReference; fileEncoding = 4; lastKnownFileType = sourcecode.swift; path = ReferencePool.swift; sourceTree = "<group>"; };
		644286081C597D9500668A9F /* Deck.swift */ = {isa = PBXFileReference; fileEncoding = 4; lastKnownFileType = sourcecode.swift; path = Deck.swift; sourceTree = "<group>"; };
		645E5EC41C54267700E29345 /* atlas.png */ = {isa = PBXFileReference; lastKnownFileType = image.png; path = atlas.png; sourceTree = "<group>"; };
		645E5EC51C54267700E29345 /* atlas.sprites */ = {isa = PBXFileReference; lastKnownFileType = file; path = atlas.sprites; sourceTree = "<group>"; };
		645E5EC81C54272900E29345 /* GameScene.swift */ = {isa = PBXFileReference; fileEncoding = 4; lastKnownFileType = sourcecode.swift; path = GameScene.swift; sourceTree = "<group>"; };
		647674A41C55FED8009F6F46 /* Generator.swift */ = {isa = PBXFileReference; fileEncoding = 4; lastKnownFileType = sourcecode.swift; path = Generator.swift; sourceTree = "<group>"; };
		64C969B41C5AB091008C0300 /* Cpu.swift */ = {isa = PBXFileReference; fileEncoding = 4; lastKnownFileType = sourcecode.swift; path = Cpu.swift; sourceTree = "<group>"; };
		64F517A81C556E3D006FB2AE /* PlayerMotion.swift */ = {isa = PBXFileReference; fileEncoding = 4; lastKnownFileType = sourcecode.swift; path = PlayerMotion.swift; sourceTree = "<group>"; };
		64F517AA1C556F8F006FB2AE /* Board.swift */ = {isa = PBXFileReference; fileEncoding = 4; lastKnownFileType = sourcecode.swift; path = Board.swift; sourceTree = "<group>"; };
/* End PBXFileReference section */

/* Begin PBXFrameworksBuildPhase section */
		643C24551C52D466003ACE44 /* Frameworks */ = {
			isa = PBXFrameworksBuildPhase;
			buildActionMask = 2147483647;
			files = (
			);
			runOnlyForDeploymentPostprocessing = 0;
		};
		643C24661C52D466003ACE44 /* Frameworks */ = {
			isa = PBXFrameworksBuildPhase;
			buildActionMask = 2147483647;
			files = (
			);
			runOnlyForDeploymentPostprocessing = 0;
		};
/* End PBXFrameworksBuildPhase section */

/* Begin PBXGroup section */
		560ABB881C56252400E6D549 /* Game */ = {
			isa = PBXGroup;
			children = (
				64F517AA1C556F8F006FB2AE /* Board.swift */,
				56106A001C5A6EF200CCCEC6 /* BoardLocation.swift */,
				560ABB8B1C562E6C00E6D549 /* Card.swift */,
				560ABB8D1C56458C00E6D549 /* Component.swift */,
				644286081C597D9500668A9F /* Deck.swift */,
				5672F71C1C5FB89C0015AFAD /* Hand.swift */,
				647674A41C55FED8009F6F46 /* Generator.swift */,
				560ABB8F1C56467200E6D549 /* GameFlow.swift */,
				56D8769B1C57AC13003C1880 /* Identifier.swift */,
				56106A021C5A6F1D00CCCEC6 /* Rank.swift */,
				561069FC1C5A4E3F00CCCEC6 /* Side.swift */,
				560ABB891C56254700E6D549 /* Suit.swift */,
			);
			name = Game;
			sourceTree = "<group>";
		};
		561069FB1C5A4E2000CCCEC6 /* AI */ = {
			isa = PBXGroup;
			children = (
				64C969B41C5AB091008C0300 /* Cpu.swift */,
			);
			name = AI;
			sourceTree = "<group>";
		};
		643C244F1C52D466003ACE44 = {
			isa = PBXGroup;
			children = (
				643C245A1C52D466003ACE44 /* PuzzleSuit */,
				643C246C1C52D466003ACE44 /* PuzzleSuitTests */,
				643C24591C52D466003ACE44 /* Products */,
			);
			sourceTree = "<group>";
		};
		643C24591C52D466003ACE44 /* Products */ = {
			isa = PBXGroup;
			children = (
				643C24581C52D466003ACE44 /* PuzzleSuit.app */,
				643C24691C52D466003ACE44 /* PuzzleSuitTests.xctest */,
			);
			name = Products;
			sourceTree = "<group>";
		};
		643C245A1C52D466003ACE44 /* PuzzleSuit */ = {
			isa = PBXGroup;
			children = (
				561069FB1C5A4E2000CCCEC6 /* AI */,
				643C24CB1C52D763003ACE44 /* Audio */,
				645E5EC31C54265900E29345 /* Assets */,
				643C24D01C52D8A5003ACE44 /* Draw */,
				560ABB881C56252400E6D549 /* Game */,
				643C24CE1C52D7F4003ACE44 /* Input */,
				643C24C81C52D72E003ACE44 /* Map */,
				643C24D11C52D8C3003ACE44 /* Math */,
				64F517A71C556DEF006FB2AE /* Motion */,
				643C24CC1C52D783003ACE44 /* IO */,
				643C24CD1C52D7C7003ACE44 /* Scene */,
				643C24C71C52D70D003ACE44 /* Sprite */,
				643C24CF1C52D87B003ACE44 /* UI */,
				643C245B1C52D466003ACE44 /* AppDelegate.swift */,
				643C24811C52D615003ACE44 /* GameView.h */,
				643C24821C52D615003ACE44 /* GameView.m */,
				643C245D1C52D466003ACE44 /* ViewController.swift */,
				643C245F1C52D466003ACE44 /* Assets.xcassets */,
				643C24611C52D466003ACE44 /* Main.storyboard */,
				643C24641C52D466003ACE44 /* Info.plist */,
				643C24781C52D5AD003ACE44 /* PuzzleSuit-Bridging-Header.h */,
			);
			name = PuzzleSuit;
			path = puzzlesuit;
			sourceTree = "<group>";
		};
		643C246C1C52D466003ACE44 /* PuzzleSuitTests */ = {
			isa = PBXGroup;
			children = (
				643C246D1C52D466003ACE44 /* puzzlesuitTests.swift */,
				643C246F1C52D466003ACE44 /* Info.plist */,
			);
			name = PuzzleSuitTests;
			path = puzzlesuitTests;
			sourceTree = "<group>";
		};
		643C24C71C52D70D003ACE44 /* Sprite */ = {
			isa = PBXGroup;
			children = (
				643C24871C52D6D0003ACE44 /* Animation.swift */,
				643C248C1C52D6D0003ACE44 /* Counter.swift */,
				643C24C31C52D6F4003ACE44 /* Definition.swift */,
				643C248D1C52D6D0003ACE44 /* Direction.swift */,
				643C24D21C52D990003ACE44 /* ReferencePool.swift */,
				643C24921C52D6D0003ACE44 /* Hitbox.swift */,
				643C249F1C52D6D0003ACE44 /* Sprite.swift */,
				643C24A01C52D6D0003ACE44 /* SpriteFactory.swift */,
			);
			name = Sprite;
			sourceTree = "<group>";
		};
		643C24C81C52D72E003ACE44 /* Map */ = {
			isa = PBXGroup;
			children = (
				643C248B1C52D6D0003ACE44 /* Color.swift */,
				643C24C91C52D759003ACE44 /* Grid.swift */,
				643C249B1C52D6D0003ACE44 /* Palette.swift */,
				643C249C1C52D6D0003ACE44 /* Point.swift */,
				643C24961C52D6D0003ACE44 /* Map.swift */,
			);
			name = Map;
			sourceTree = "<group>";
		};
		643C24CB1C52D763003ACE44 /* Audio */ = {
			isa = PBXGroup;
			children = (
				643C24881C52D6D0003ACE44 /* Audio.h */,
				643C24891C52D6D0003ACE44 /* Audio.m */,
			);
			name = Audio;
			sourceTree = "<group>";
		};
		643C24CC1C52D783003ACE44 /* IO */ = {
			isa = PBXGroup;
			children = (
				643C24A11C52D6D0003ACE44 /* Streams.swift */,
			);
			name = IO;
			sourceTree = "<group>";
		};
		643C24CD1C52D7C7003ACE44 /* Scene */ = {
			isa = PBXGroup;
			children = (
				643C248A1C52D6D0003ACE44 /* Camera.swift */,
				643C248E1C52D6D0003ACE44 /* Director.swift */,
				643C24901C52D6D0003ACE44 /* EventBus.swift */,
				643C249E1C52D6D0003ACE44 /* Scene.swift */,
				643C248F1C52D6D0003ACE44 /* EmptyScene.swift */,
				643C24911C52D6D0003ACE44 /* FadeScene.swift */,
				645E5EC81C54272900E29345 /* GameScene.swift */,
			);
			name = Scene;
			sourceTree = "<group>";
		};
		643C24CE1C52D7F4003ACE44 /* Input */ = {
			isa = PBXGroup;
			children = (
				643C24931C52D6D0003ACE44 /* Input.swift */,
				643C24941C52D6D0003ACE44 /* KeyboardController.swift */,
				643C24831C52D615003ACE44 /* KeyboardListener.swift */,
				643C249A1C52D6D0003ACE44 /* NoController.swift */,
			);
			name = Input;
			sourceTree = "<group>";
		};
		643C24CF1C52D87B003ACE44 /* UI */ = {
			isa = PBXGroup;
			children = (
				643C24981C52D6D0003ACE44 /* Menu.swift */,
				643C24A51C52D6D0003ACE44 /* View.swift */,
			);
			name = UI;
			sourceTree = "<group>";
		};
		643C24D01C52D8A5003ACE44 /* Draw */ = {
			isa = PBXGroup;
			children = (
				643C24801C52D615003ACE44 /* Draws.swift */,
				643C24C51C52D709003ACE44 /* Resources.swift */,
				643C24A21C52D6D0003ACE44 /* SurfaceArray.h */,
				643C24A31C52D6D0003ACE44 /* SurfaceArray.m */,
				643C24A41C52D6D0003ACE44 /* Surfaces.swift */,
			);
			name = Draw;
			sourceTree = "<group>";
		};
		643C24D11C52D8C3003ACE44 /* Math */ = {
			isa = PBXGroup;
			children = (
				643C24971C52D6D0003ACE44 /* Math.swift */,
				643C249D1C52D6D0003ACE44 /* Random.swift */,
			);
			name = Math;
			sourceTree = "<group>";
		};
		645E5EC31C54265900E29345 /* Assets */ = {
			isa = PBXGroup;
			children = (
				645E5EC41C54267700E29345 /* atlas.png */,
				645E5EC51C54267700E29345 /* atlas.sprites */,
			);
			name = Assets;
			sourceTree = "<group>";
		};
		64F517A71C556DEF006FB2AE /* Motion */ = {
			isa = PBXGroup;
			children = (
				561069FE1C5A5EA800CCCEC6 /* Move.swift */,
				643C24991C52D6D0003ACE44 /* Motion.swift */,
				64F517A81C556E3D006FB2AE /* PlayerMotion.swift */,
				56DE742B1C56535000C47093 /* FallMotion.swift */,
				569958FF1C5B82DD00B5F2C7 /* PreviewMotion.swift */,
			);
			name = Motion;
			sourceTree = "<group>";
		};
/* End PBXGroup section */

/* Begin PBXNativeTarget section */
		643C24571C52D466003ACE44 /* PuzzleSuit */ = {
			isa = PBXNativeTarget;
			buildConfigurationList = 643C24721C52D466003ACE44 /* Build configuration list for PBXNativeTarget "PuzzleSuit" */;
			buildPhases = (
				643C24541C52D466003ACE44 /* Sources */,
				643C24551C52D466003ACE44 /* Frameworks */,
				643C24561C52D466003ACE44 /* Resources */,
			);
			buildRules = (
			);
			dependencies = (
			);
			name = PuzzleSuit;
			productName = puzzlesuit;
			productReference = 643C24581C52D466003ACE44 /* PuzzleSuit.app */;
			productType = "com.apple.product-type.application";
		};
		643C24681C52D466003ACE44 /* PuzzleSuitTests */ = {
			isa = PBXNativeTarget;
			buildConfigurationList = 643C24751C52D466003ACE44 /* Build configuration list for PBXNativeTarget "PuzzleSuitTests" */;
			buildPhases = (
				643C24651C52D466003ACE44 /* Sources */,
				643C24661C52D466003ACE44 /* Frameworks */,
				643C24671C52D466003ACE44 /* Resources */,
			);
			buildRules = (
			);
			dependencies = (
				643C246B1C52D466003ACE44 /* PBXTargetDependency */,
			);
			name = PuzzleSuitTests;
			productName = puzzlesuitTests;
			productReference = 643C24691C52D466003ACE44 /* PuzzleSuitTests.xctest */;
			productType = "com.apple.product-type.bundle.unit-test";
		};
/* End PBXNativeTarget section */

/* Begin PBXProject section */
		643C24501C52D466003ACE44 /* Project object */ = {
			isa = PBXProject;
			attributes = {
				LastSwiftUpdateCheck = 0720;
				LastUpgradeCheck = 0720;
				ORGANIZATIONNAME = "Raphaël Calabro";
				TargetAttributes = {
					643C24571C52D466003ACE44 = {
						CreatedOnToolsVersion = 7.2;
					};
					643C24681C52D466003ACE44 = {
						CreatedOnToolsVersion = 7.2;
						TestTargetID = 643C24571C52D466003ACE44;
					};
				};
			};
			buildConfigurationList = 643C24531C52D466003ACE44 /* Build configuration list for PBXProject "puzzlesuit" */;
			compatibilityVersion = "Xcode 3.2";
			developmentRegion = English;
			hasScannedForEncodings = 0;
			knownRegions = (
				en,
				Base,
			);
			mainGroup = 643C244F1C52D466003ACE44;
			productRefGroup = 643C24591C52D466003ACE44 /* Products */;
			projectDirPath = "";
			projectRoot = "";
			targets = (
				643C24571C52D466003ACE44 /* PuzzleSuit */,
				643C24681C52D466003ACE44 /* PuzzleSuitTests */,
			);
		};
/* End PBXProject section */

/* Begin PBXResourcesBuildPhase section */
		643C24561C52D466003ACE44 /* Resources */ = {
			isa = PBXResourcesBuildPhase;
			buildActionMask = 2147483647;
			files = (
				643C24601C52D466003ACE44 /* Assets.xcassets in Resources */,
				645E5EC61C54267700E29345 /* atlas.png in Resources */,
				645E5EC71C54267700E29345 /* atlas.sprites in Resources */,
				643C24631C52D466003ACE44 /* Main.storyboard in Resources */,
			);
			runOnlyForDeploymentPostprocessing = 0;
		};
		643C24671C52D466003ACE44 /* Resources */ = {
			isa = PBXResourcesBuildPhase;
			buildActionMask = 2147483647;
			files = (
			);
			runOnlyForDeploymentPostprocessing = 0;
		};
/* End PBXResourcesBuildPhase section */

/* Begin PBXSourcesBuildPhase section */
		643C24541C52D466003ACE44 /* Sources */ = {
			isa = PBXSourcesBuildPhase;
			buildActionMask = 2147483647;
			files = (
				643C24AD1C52D6D0003ACE44 /* EmptyScene.swift in Sources */,
				643C24BE1C52D6D0003ACE44 /* SpriteFactory.swift in Sources */,
				643C24AA1C52D6D0003ACE44 /* Counter.swift in Sources */,
				643C24B91C52D6D0003ACE44 /* Palette.swift in Sources */,
				643C24C21C52D6D0003ACE44 /* View.swift in Sources */,
				643C24AC1C52D6D0003ACE44 /* Director.swift in Sources */,
				643C24BC1C52D6D0003ACE44 /* Scene.swift in Sources */,
				643C24D31C52D990003ACE44 /* ReferencePool.swift in Sources */,
				560ABB901C56467200E6D549 /* GameFlow.swift in Sources */,
				647674A51C55FED8009F6F46 /* Generator.swift in Sources */,
				569959001C5B82DD00B5F2C7 /* PreviewMotion.swift in Sources */,
				643C24BA1C52D6D0003ACE44 /* Point.swift in Sources */,
				643C24BD1C52D6D0003ACE44 /* Sprite.swift in Sources */,
				64C969B51C5AB091008C0300 /* Cpu.swift in Sources */,
				644286091C597D9500668A9F /* Deck.swift in Sources */,
				643C24A81C52D6D0003ACE44 /* Camera.swift in Sources */,
				56D8769C1C57AC13003C1880 /* Identifier.swift in Sources */,
				643C24B21C52D6D0003ACE44 /* KeyboardController.swift in Sources */,
				643C24841C52D615003ACE44 /* Draws.swift in Sources */,
				643C24BF1C52D6D0003ACE44 /* Streams.swift in Sources */,
				643C24B01C52D6D0003ACE44 /* Hitbox.swift in Sources */,
				643C24C11C52D6D0003ACE44 /* Surfaces.swift in Sources */,
				643C24AE1C52D6D0003ACE44 /* EventBus.swift in Sources */,
				64F517AB1C556F8F006FB2AE /* Board.swift in Sources */,
				643C245E1C52D466003ACE44 /* ViewController.swift in Sources */,
				643C24B41C52D6D0003ACE44 /* Map.swift in Sources */,
				643C24C01C52D6D0003ACE44 /* SurfaceArray.m in Sources */,
				56C95A681C60D39E00997F12 /* Side.swift in Sources */,
				645E5EC91C54272900E29345 /* GameScene.swift in Sources */,
				643C24861C52D615003ACE44 /* KeyboardListener.swift in Sources */,
				643C24AF1C52D6D0003ACE44 /* FadeScene.swift in Sources */,
				643C24851C52D615003ACE44 /* GameView.m in Sources */,
				643C24B81C52D6D0003ACE44 /* NoController.swift in Sources */,
				643C24CA1C52D759003ACE44 /* Grid.swift in Sources */,
				643C24AB1C52D6D0003ACE44 /* Direction.swift in Sources */,
				56106A011C5A6EF200CCCEC6 /* BoardLocation.swift in Sources */,
				560ABB8C1C562E6C00E6D549 /* Card.swift in Sources */,
				643C24B71C52D6D0003ACE44 /* Motion.swift in Sources */,
				56DE742C1C56535000C47093 /* FallMotion.swift in Sources */,
				56106A031C5A6F1D00CCCEC6 /* Rank.swift in Sources */,
				643C24A71C52D6D0003ACE44 /* Audio.m in Sources */,
				64F517A91C556E3D006FB2AE /* PlayerMotion.swift in Sources */,
				643C24B61C52D6D0003ACE44 /* Menu.swift in Sources */,
				643C24A61C52D6D0003ACE44 /* Animation.swift in Sources */,
				561069FF1C5A5EA800CCCEC6 /* Move.swift in Sources */,
				643C24B51C52D6D0003ACE44 /* Math.swift in Sources */,
				643C24B11C52D6D0003ACE44 /* Input.swift in Sources */,
				560ABB8E1C56458C00E6D549 /* Component.swift in Sources */,
				643C245C1C52D466003ACE44 /* AppDelegate.swift in Sources */,
				560ABB8A1C56254700E6D549 /* Suit.swift in Sources */,
				643C24C41C52D6F4003ACE44 /* Definition.swift in Sources */,
				5672F71D1C5FB89C0015AFAD /* Hand.swift in Sources */,
				643C24C61C52D709003ACE44 /* Resources.swift in Sources */,
				643C24A91C52D6D0003ACE44 /* Color.swift in Sources */,
				643C24BB1C52D6D0003ACE44 /* Random.swift in Sources */,
			);
			runOnlyForDeploymentPostprocessing = 0;
		};
		643C24651C52D466003ACE44 /* Sources */ = {
			isa = PBXSourcesBuildPhase;
			buildActionMask = 2147483647;
			files = (
				643C246E1C52D466003ACE44 /* puzzlesuitTests.swift in Sources */,
			);
			runOnlyForDeploymentPostprocessing = 0;
		};
/* End PBXSourcesBuildPhase section */

/* Begin PBXTargetDependency section */
		643C246B1C52D466003ACE44 /* PBXTargetDependency */ = {
			isa = PBXTargetDependency;
			target = 643C24571C52D466003ACE44 /* PuzzleSuit */;
			targetProxy = 643C246A1C52D466003ACE44 /* PBXContainerItemProxy */;
		};
/* End PBXTargetDependency section */

/* Begin PBXVariantGroup section */
		643C24611C52D466003ACE44 /* Main.storyboard */ = {
			isa = PBXVariantGroup;
			children = (
				643C24621C52D466003ACE44 /* Base */,
			);
			name = Main.storyboard;
			sourceTree = "<group>";
		};
/* End PBXVariantGroup section */

/* Begin XCBuildConfiguration section */
		643C24701C52D466003ACE44 /* Debug */ = {
			isa = XCBuildConfiguration;
			buildSettings = {
				ALWAYS_SEARCH_USER_PATHS = NO;
				CLANG_CXX_LANGUAGE_STANDARD = "gnu++0x";
				CLANG_CXX_LIBRARY = "libc++";
				CLANG_ENABLE_MODULES = YES;
				CLANG_ENABLE_OBJC_ARC = YES;
				CLANG_WARN_BOOL_CONVERSION = YES;
				CLANG_WARN_CONSTANT_CONVERSION = YES;
				CLANG_WARN_DIRECT_OBJC_ISA_USAGE = YES_ERROR;
				CLANG_WARN_EMPTY_BODY = YES;
				CLANG_WARN_ENUM_CONVERSION = YES;
				CLANG_WARN_INT_CONVERSION = YES;
				CLANG_WARN_OBJC_ROOT_CLASS = YES_ERROR;
				CLANG_WARN_UNREACHABLE_CODE = YES;
				CLANG_WARN__DUPLICATE_METHOD_MATCH = YES;
				CODE_SIGN_IDENTITY = "-";
				COPY_PHASE_STRIP = NO;
				DEBUG_INFORMATION_FORMAT = dwarf;
				ENABLE_STRICT_OBJC_MSGSEND = YES;
				ENABLE_TESTABILITY = YES;
				GCC_C_LANGUAGE_STANDARD = gnu99;
				GCC_DYNAMIC_NO_PIC = NO;
				GCC_NO_COMMON_BLOCKS = YES;
				GCC_OPTIMIZATION_LEVEL = 0;
				GCC_PREPROCESSOR_DEFINITIONS = (
					"DEBUG=1",
					"$(inherited)",
				);
				GCC_WARN_64_TO_32_BIT_CONVERSION = YES;
				GCC_WARN_ABOUT_RETURN_TYPE = YES_ERROR;
				GCC_WARN_UNDECLARED_SELECTOR = YES;
				GCC_WARN_UNINITIALIZED_AUTOS = YES_AGGRESSIVE;
				GCC_WARN_UNUSED_FUNCTION = YES;
				GCC_WARN_UNUSED_VARIABLE = YES;
				MACOSX_DEPLOYMENT_TARGET = 10.11;
				MTL_ENABLE_DEBUG_INFO = YES;
				ONLY_ACTIVE_ARCH = YES;
				SDKROOT = macosx;
				SWIFT_OPTIMIZATION_LEVEL = "-Onone";
			};
			name = Debug;
		};
		643C24711C52D466003ACE44 /* Release */ = {
			isa = XCBuildConfiguration;
			buildSettings = {
				ALWAYS_SEARCH_USER_PATHS = NO;
				CLANG_CXX_LANGUAGE_STANDARD = "gnu++0x";
				CLANG_CXX_LIBRARY = "libc++";
				CLANG_ENABLE_MODULES = YES;
				CLANG_ENABLE_OBJC_ARC = YES;
				CLANG_WARN_BOOL_CONVERSION = YES;
				CLANG_WARN_CONSTANT_CONVERSION = YES;
				CLANG_WARN_DIRECT_OBJC_ISA_USAGE = YES_ERROR;
				CLANG_WARN_EMPTY_BODY = YES;
				CLANG_WARN_ENUM_CONVERSION = YES;
				CLANG_WARN_INT_CONVERSION = YES;
				CLANG_WARN_OBJC_ROOT_CLASS = YES_ERROR;
				CLANG_WARN_UNREACHABLE_CODE = YES;
				CLANG_WARN__DUPLICATE_METHOD_MATCH = YES;
				CODE_SIGN_IDENTITY = "-";
				COPY_PHASE_STRIP = NO;
				DEBUG_INFORMATION_FORMAT = "dwarf-with-dsym";
				ENABLE_NS_ASSERTIONS = NO;
				ENABLE_STRICT_OBJC_MSGSEND = YES;
				GCC_C_LANGUAGE_STANDARD = gnu99;
				GCC_NO_COMMON_BLOCKS = YES;
				GCC_WARN_64_TO_32_BIT_CONVERSION = YES;
				GCC_WARN_ABOUT_RETURN_TYPE = YES_ERROR;
				GCC_WARN_UNDECLARED_SELECTOR = YES;
				GCC_WARN_UNINITIALIZED_AUTOS = YES_AGGRESSIVE;
				GCC_WARN_UNUSED_FUNCTION = YES;
				GCC_WARN_UNUSED_VARIABLE = YES;
				MACOSX_DEPLOYMENT_TARGET = 10.11;
				MTL_ENABLE_DEBUG_INFO = NO;
				SDKROOT = macosx;
			};
			name = Release;
		};
		643C24731C52D466003ACE44 /* Debug */ = {
			isa = XCBuildConfiguration;
			buildSettings = {
				ASSETCATALOG_COMPILER_APPICON_NAME = AppIcon;
				CLANG_ENABLE_MODULES = YES;
				COMBINE_HIDPI_IMAGES = YES;
				INFOPLIST_FILE = puzzlesuit/Info.plist;
				LD_RUNPATH_SEARCH_PATHS = "$(inherited) @executable_path/../Frameworks";
				OTHER_SWIFT_FLAGS = "";
				PRODUCT_BUNDLE_IDENTIFIER = fr.rca.puzzlesuit;
				PRODUCT_NAME = "$(TARGET_NAME)";
				SWIFT_OBJC_BRIDGING_HEADER = "puzzlesuit/PuzzleSuit-Bridging-Header.h";
				SWIFT_OPTIMIZATION_LEVEL = "-Onone";
			};
			name = Debug;
		};
		643C24741C52D466003ACE44 /* Release */ = {
			isa = XCBuildConfiguration;
			buildSettings = {
				ASSETCATALOG_COMPILER_APPICON_NAME = AppIcon;
				CLANG_ENABLE_MODULES = YES;
				COMBINE_HIDPI_IMAGES = YES;
				INFOPLIST_FILE = puzzlesuit/Info.plist;
				LD_RUNPATH_SEARCH_PATHS = "$(inherited) @executable_path/../Frameworks";
				OTHER_SWIFT_FLAGS = "";
				PRODUCT_BUNDLE_IDENTIFIER = fr.rca.puzzlesuit;
				PRODUCT_NAME = "$(TARGET_NAME)";
				SWIFT_OBJC_BRIDGING_HEADER = "puzzlesuit/PuzzleSuit-Bridging-Header.h";
			};
			name = Release;
		};
		643C24761C52D466003ACE44 /* Debug */ = {
			isa = XCBuildConfiguration;
			buildSettings = {
				BUNDLE_LOADER = "$(TEST_HOST)";
				COMBINE_HIDPI_IMAGES = YES;
				INFOPLIST_FILE = puzzlesuitTests/Info.plist;
				LD_RUNPATH_SEARCH_PATHS = "$(inherited) @executable_path/../Frameworks @loader_path/../Frameworks";
				PRODUCT_BUNDLE_IDENTIFIER = fr.rca.puzzlesuitTests;
				PRODUCT_NAME = "$(TARGET_NAME)";
				TEST_HOST = "$(BUILT_PRODUCTS_DIR)/puzzlesuit.app/Contents/MacOS/puzzlesuit";
			};
			name = Debug;
		};
		643C24771C52D466003ACE44 /* Release */ = {
			isa = XCBuildConfiguration;
			buildSettings = {
				BUNDLE_LOADER = "$(TEST_HOST)";
				COMBINE_HIDPI_IMAGES = YES;
				INFOPLIST_FILE = puzzlesuitTests/Info.plist;
				LD_RUNPATH_SEARCH_PATHS = "$(inherited) @executable_path/../Frameworks @loader_path/../Frameworks";
				PRODUCT_BUNDLE_IDENTIFIER = fr.rca.puzzlesuitTests;
				PRODUCT_NAME = "$(TARGET_NAME)";
				TEST_HOST = "$(BUILT_PRODUCTS_DIR)/puzzlesuit.app/Contents/MacOS/puzzlesuit";
			};
			name = Release;
		};
/* End XCBuildConfiguration section */

/* Begin XCConfigurationList section */
		643C24531C52D466003ACE44 /* Build configuration list for PBXProject "puzzlesuit" */ = {
			isa = XCConfigurationList;
			buildConfigurations = (
				643C24701C52D466003ACE44 /* Debug */,
				643C24711C52D466003ACE44 /* Release */,
			);
			defaultConfigurationIsVisible = 0;
			defaultConfigurationName = Release;
		};
		643C24721C52D466003ACE44 /* Build configuration list for PBXNativeTarget "PuzzleSuit" */ = {
			isa = XCConfigurationList;
			buildConfigurations = (
				643C24731C52D466003ACE44 /* Debug */,
				643C24741C52D466003ACE44 /* Release */,
			);
			defaultConfigurationIsVisible = 0;
			defaultConfigurationName = Release;
		};
		643C24751C52D466003ACE44 /* Build configuration list for PBXNativeTarget "PuzzleSuitTests" */ = {
			isa = XCConfigurationList;
			buildConfigurations = (
				643C24761C52D466003ACE44 /* Debug */,
				643C24771C52D466003ACE44 /* Release */,
			);
			defaultConfigurationIsVisible = 0;
			defaultConfigurationName = Release;
		};
/* End XCConfigurationList section */
	};
	rootObject = 643C24501C52D466003ACE44 /* Project object */;
}
